<?xml version='1.0' encoding='utf-8'?>
<Project xmlns="http://schemas.microsoft.com/developer/msbuild/2003" ToolsVersion="4.0"><ItemGroup><Filter Include="Assets"><UniqueIdentifier>{C2F1CB1E-405A-54AD-A041-1426DA52A5C9}</UniqueIdentifier></Filter><Filter Include="Shaders"><UniqueIdentifier>{EF70E3E7-E8FA-5B2E-8703-0C8021880093}</UniqueIdentifier></Filter><Filter Include="Source"><UniqueIdentifier>{5027FD66-6985-5BBE-AA47-B2A536E40BAD}</UniqueIdentifier></Filter><Filter Include="Assets\UI"><UniqueIdentifier>{0846E2D2-7418-5D5B-B47A-F7AB19E9C3FF}</UniqueIdentifier></Filter><Filter Include="Shaders\Basic"><UniqueIdentifier>{F3568FFF-59F1-5CDD-B352-57EBFB83B18F}</UniqueIdentifier></Filter><Filter Include="Shaders\TriplanarTerrain"><UniqueIdentifier>{0E6A4FF6-DBD1-5485-B2CB-54C2E98A656D}</UniqueIdentifier></Filter><Filter Include="Source\Core"><UniqueIdentifier>{2C4B7D62-B7A8-5884-B42C-249FA72939D5}</UniqueIdentifier></Filter><Filter Include="Source\Features"><UniqueIdentifier>{855E0CA7-9AD5-5B73-9FB3-B97169D03ACA}</UniqueIdentifier></Filter><Filter Include="Source\Graphics"><UniqueIdentifier>{356ABCA6-357E-53C8-814C-2C7D89026E43}</UniqueIdentifier></Filter><Filter Include="Source\Input"><UniqueIdentifier>{B21C1DFA-ED85-5887-8FA5-EE4C39FF95F3}</UniqueIdentifier></Filter><Filter Include="Source\Platform"><UniqueIdentifier>{A83CA40B-7396-5200-BABA-AD41F7FFD13F}</UniqueIdentifier></Filter><Filter Include="Source\Tools"><UniqueIdentifier>{18BDF0F5-E52B-5499-A1BC-55232FE4FDDE}</UniqueIdentifier></Filter><Filter Include="Source\UI"><UniqueIdentifier>{0A762C57-34A6-5A6A-91D0-67CBED6B4DD6}</UniqueIdentifier></Filter><Filter Include="Source\Features\DiskTerrainStreaming"><UniqueIdentifier>{24F71326-DB72-52FB-BD34-5EFCB5BD87CF}</UniqueIdentifier></Filter><Filter Include="Source\Features\QuadTreeLOD"><UniqueIdentifier>{6F48F330-8CF1-50E1-ABA8-431F30312AA7}</UniqueIdentifier></Filter><Filter Include="Source\Features\QuadTreeLODGeomorph"><UniqueIdentifier>{25A6B9C2-5878-5F3D-9860-14D80BC536CC}</UniqueIdentifier></Filter><Filter Include="Source\Features\TerrainUI"><UniqueIdentifier>{0E47AAC1-E5EC-565A-AB04-5DEE18CD5575}</UniqueIdentifier></Filter><Filter Include="Source\Features\TriplanarTerrain"><UniqueIdentifier>{B10F2CE8-22FF-5628-BE63-3B366F41E469}</UniqueIdentifier></Filter><Filter Include="Source\Features\UIDemo"><UniqueIdentifier>{471218BA-BC53-5C8B-98D1-9C377FFD8AAF}</UniqueIdentifier></Filter><Filter Include="Source\Tools\UIDesigner"><UniqueIdentifier>{43BE640E-EBD8-5069-AB79-DC50B1C10057}</UniqueIdentifier></Filter><Filter Include="Source\UI\Document"><UniqueIdentifier>{97DC1FB5-4F36-57D5-8A57-646CC435E128}</UniqueIdentifier></Filter><Filter Include="Source\Tools\UIDesigner\Canvas"><UniqueIdentifier>{BB467199-97ED-5F14-BD16-1D280B889ED9}</UniqueIdentifier></Filter><Filter Include="Source\Tools\UIDesigner\Core"><UniqueIdentifier>{E415C23D-28B0-5F1C-87DB-9B47A37E5CEF}</UniqueIdentifier></Filter><Filter Include="Source\Tools\UIDesigner\Window"><UniqueIdentifier>{366C9078-56AA-5AE5-8018-F2D36D647AB1}</UniqueIdentifier></Filter><Filter Include="Source\UI\Document\Model"><UniqueIdentifier>{79C4EBE0-E137-582F-B21B-5F7CB8639233}</UniqueIdentifier></Filter><Filter Include="Source\UI\Document\Runtime"><UniqueIdentifier>{7E450E6D-E301-5477-A0E5-7B19A7D0CFD0}</UniqueIdentifier></Filter><Filter Include="Source\UI\Document\Serialization"><UniqueIdentifier>{4B5916BA-F64D-50F5-ACFC-F3B800F7B56E}</UniqueIdentifier></Filter></ItemGroup><ItemGroup><ClCompile Include="Source\Core\Application.cpp"><Filter>Source\Core</Filter></ClCompile><ClCompile Include="Source\Core\Timer.cpp"><Filter>Source\Core</Filter></ClCompile><ClCompile Include="Source\Features\DiskTerrainStreaming\DiskTerrainManager.cpp"><Filter>Source\Features\DiskTerrainStreaming</Filter></ClCompile><ClCompile Include="Source\Features\DiskTerrainStreaming\DiskTileWorker.cpp"><Filter>Source\Features\DiskTerrainStreaming</Filter></ClCompile><ClCompile Include="Source\Features\DiskTerrainStreaming\StreamingRangeDebugRenderer.cpp"><Filter>Source\Features\DiskTerrainStreaming</Filter></ClCompile><ClCompile Include="Source\Features\DiskTerrainStreaming\TileArchive.cpp"><Filter>Source\Features\DiskTerrainStreaming</Filter></ClCompile><ClCompile Include="Source\Features\DiskTerrainStreaming\TileGeometryBuilder.cpp"><Filter>Source\Features\DiskTerrainStreaming</Filter></ClCompile><ClCompile Include="Source\Features\QuadTreeLOD\QuadTreeLOD.cpp"><Filter>Source\Features\QuadTreeLOD</Filter></ClCompile><ClCompile Include="Source\Features\QuadTreeLOD\QuadTreeLODSelector.cpp"><Filter>Source\Features\QuadTreeLOD</Filter></ClCompile><ClCompile Include="Source\Features\QuadTreeLODGeomorph\QuadTreeLODGeomorph.cpp"><Filter>Source\Features\QuadTreeLODGeomorph</Filter></ClCompile><ClCompile Include="Source\Features\QuadTreeLODGeomorph\QuadTreeLODGeomorphWorker.cpp"><Filter>Source\Features\QuadTreeLODGeomorph</Filter></ClCompile><ClCompile Include="Source\Features\TerrainUI\TerrainSettingsPanel.cpp"><Filter>Source\Features\TerrainUI</Filter></ClCompile><ClCompile Include="Source\Features\TriplanarTerrain\TriplanarMaterial.cpp"><Filter>Source\Features\TriplanarTerrain</Filter></ClCompile><ClCompile Include="Source\Features\UIDemo\UIDemoPanel.cpp"><Filter>Source\Features\UIDemo</Filter></ClCompile><ClCompile Include="Source\Graphics\Camera.cpp"><Filter>Source\Graphics</Filter></ClCompile><ClCompile Include="Source\Graphics\CameraController.cpp"><Filter>Source\Graphics</Filter></ClCompile><ClCompile Include="Source\Graphics\DebugTextRenderer.cpp"><Filter>Source\Graphics</Filter></ClCompile><ClCompile Include="Source\Graphics\Frustum.cpp"><Filter>Source\Graphics</Filter></ClCompile><ClCompile Include="Source\Graphics\Mesh.cpp"><Filter>Source\Graphics</Filter></ClCompile><ClCompile Include="Source\Graphics\Renderer.cpp"><Filter>Source\Graphics</Filter></ClCompile><ClCompile Include="Source\Graphics\Shader.cpp"><Filter>Source\Graphics</Filter></ClCompile><ClCompile Include="Source\Graphics\Texture2D.cpp"><Filter>Source\Graphics</Filter></ClCompile><ClCompile Include="Source\Input\Input.cpp"><Filter>Source\Input</Filter></ClCompile><ClCompile Include="Source\Main.cpp"><Filter>Source</Filter></ClCompile><ClCompile Include="Source\Platform\Window.cpp"><Filter>Source\Platform</Filter></ClCompile><ClCompile Include="Source\Tools\UIDesigner\Canvas\UIDesignerCanvas.cpp"><Filter>Source\Tools\UIDesigner\Canvas</Filter></ClCompile><ClCompile Include="Source\Tools\UIDesigner\Core\UIDesignerModel.cpp"><Filter>Source\Tools\UIDesigner\Core</Filter></ClCompile><ClCompile Include="Source\Tools\UIDesigner\Window\UIDesignerWindow.cpp"><Filter>Source\Tools\UIDesigner\Window</Filter></ClCompile><ClCompile Include="Source\UI\Document\Runtime\UIDocumentLoader.cpp"><Filter>Source\UI\Document\Runtime</Filter></ClCompile><ClCompile Include="Source\UI\Document\Runtime\UIWidgetFactory.cpp"><Filter>Source\UI\Document\Runtime</Filter></ClCompile><ClCompile Include="Source\UI\Document\Serialization\UIXmlParser.cpp"><Filter>Source\UI\Document\Serialization</Filter></ClCompile><ClCompile Include="Source\UI\Document\Serialization\UIXmlWriter.cpp"><Filter>Source\UI\Document\Serialization</Filter></ClCompile><ClCompile Include="Source\UI\UIManager.cpp"><Filter>Source\UI</Filter></ClCompile><ClCompile Include="Source\UI\UIRenderer.cpp"><Filter>Source\UI</Filter></ClCompile><ClCompile Include="Source\UI\UIWidget.cpp"><Filter>Source\UI</Filter></ClCompile></ItemGroup><ItemGroup><ClInclude Include="Source\Core\Application.h"><Filter>Source\Core</Filter></ClInclude><ClInclude Include="Source\Core\Timer.h"><Filter>Source\Core</Filter></ClInclude><ClInclude Include="Source\Features\DiskTerrainStreaming\DiskTerrainManager.h"><Filter>Source\Features\DiskTerrainStreaming</Filter></ClInclude><ClInclude Include="Source\Features\DiskTerrainStreaming\DiskTileWorker.h"><Filter>Source\Features\DiskTerrainStreaming</Filter></ClInclude><ClInclude Include="Source\Features\DiskTerrainStreaming\MiniMapZoomPolicy.h"><Filter>Source\Features\DiskTerrainStreaming</Filter></ClInclude><ClInclude Include="Source\Features\DiskTerrainStreaming\PrefetchPolicy.h"><Filter>Source\Features\DiskTerrainStreaming</Filter></ClInclude><ClInclude Include="Source\Features\DiskTerrainStreaming\StreamingRadiusPolicy.h"><Filter>Source\Features\DiskTerrainStreaming</Filter></ClInclude><ClInclude Include="Source\Features\DiskTerrainStreaming\StreamingRangeDebugRenderer.h"><Filter>Source\Features\DiskTerrainStreaming</Filter></ClInclude><ClInclude Include="Source\Features\DiskTerrainStreaming\StreamingTiming.h"><Filter>Source\Features\DiskTerrainStreaming</Filter></ClInclude><ClInclude Include="Source\Features\DiskTerrainStreaming\TileArchive.h"><Filter>Source\Features\DiskTerrainStreaming</Filter></ClInclude><ClInclude Include="Source\Features\DiskTerrainStreaming\TileGeometryBuilder.h"><Filter>Source\Features\DiskTerrainStreaming</Filter></ClInclude><ClInclude Include="Source\Features\DiskTerrainStreaming\TileSampleCache.h"><Filter>Source\Features\DiskTerrainStreaming</Filter></ClInclude><ClInclude Include="Source\Features\QuadTreeLOD\QuadTreeLOD.h"><Filter>Source\Features\QuadTreeLOD</Filter></ClInclude><ClInclude Include="Source\Features\QuadTreeLOD\QuadTreeLODSelector.h"><Filter>Source\Features\QuadTreeLOD</Filter></ClInclude><ClInclude Include="Source\Features\QuadTreeLODGeomorph\QuadTreeLODGeomorph.h"><Filter>Source\Features\QuadTreeLODGeomorph</Filter></ClInclude><ClInclude Include="Source\Features\QuadTreeLODGeomorph\QuadTreeLODGeomorphPolicy.h"><Filter>Source\Features\QuadTreeLODGeomorph</Filter></ClInclude><ClInclude Include="Source\Features\QuadTreeLODGeomorph\QuadTreeLODGeomorphWorker.h"><Filter>Source\Features\QuadTreeLODGeomorph</Filter></ClInclude><ClInclude Include="Source\Features\TerrainUI\TerrainSettingsPanel.h"><Filter>Source\Features\TerrainUI</Filter></ClInclude><ClInclude Include="Source\Features\TriplanarTerrain\TriplanarMaterial.h"><Filter>Source\Features\TriplanarTerrain</Filter></ClInclude><ClInclude Include="Source\Features\UIDemo\UIDemoPanel.h"><Filter>Source\Features\UIDemo</Filter></ClInclude><ClInclude Include="Source\Graphics\Camera.h"><Filter>Source\Graphics</Filter></ClInclude><ClInclude Include="Source\Graphics\CameraController.h"><Filter>Source\Graphics</Filter></ClInclude><ClInclude Include="Source\Graphics\ConstantBuffer.h"><Filter>Source\Graphics</Filter></ClInclude><ClInclude Include="Source\Graphics\DebugTextRenderer.h"><Filter>Source\Graphics</Filter></ClInclude><ClInclude Include="Source\Graphics\Frustum.h"><Filter>Source\Graphics</Filter></ClInclude><ClInclude Include="Source\Graphics\Mesh.h"><Filter>Source\Graphics</Filter></ClInclude><ClInclude Include="Source\Graphics\Renderer.h"><Filter>Source\Graphics</Filter></ClInclude><ClInclude Include="Source\Graphics\Shader.h"><Filter>Source\Graphics</Filter></ClInclude><ClInclude Include="Source\Graphics\Texture2D.h"><Filter>Source\Graphics</Filter></ClInclude><ClInclude Include="Source\Graphics\Transform.h"><Filter>Source\Graphics</Filter></ClInclude><ClInclude Include="Source\Input\Input.h"><Filter>Source\Input</Filter></ClInclude><ClInclude Include="Source\Platform\Window.h"><Filter>Source\Platform</Filter></ClInclude><ClInclude Include="Source\Tools\UIDesigner\Canvas\UIDesignerCanvas.h"><Filter>Source\Tools\UIDesigner\Canvas</Filter></ClInclude><ClInclude Include="Source\Tools\UIDesigner\Core\UIDesignerModel.h"><Filter>Source\Tools\UIDesigner\Core</Filter></ClInclude><ClInclude Include="Source\Tools\UIDesigner\Window\UIDesignerWindow.h"><Filter>Source\Tools\UIDesigner\Window</Filter></ClInclude><ClInclude Include="Source\UI\Document\Model\UIBindingRegistry.h"><Filter>Source\UI\Document\Model</Filter></ClInclude><ClInclude Include="Source\UI\Document\Model\UIDocument.h"><Filter>Source\UI\Document\Model</Filter></ClInclude><ClInclude Include="Source\UI\Document\Runtime\UIDocumentLoader.h"><Filter>Source\UI\Document\Runtime</Filter></ClInclude><ClInclude Include="Source\UI\Document\Runtime\UIWidgetFactory.h"><Filter>Source\UI\Document\Runtime</Filter></ClInclude><ClInclude Include="Source\UI\Document\Serialization\UIUtf8.h"><Filter>Source\UI\Document\Serialization</Filter></ClInclude><ClInclude Include="Source\UI\Document\Serialization\UIXmlParser.h"><Filter>Source\UI\Document\Serialization</Filter></ClInclude><ClInclude Include="Source\UI\Document\Serialization\UIXmlWriter.h"><Filter>Source\UI\Document\Serialization</Filter></ClInclude><ClInclude Include="Source\UI\UILayout.h"><Filter>Source\UI</Filter></ClInclude><ClInclude Include="Source\UI\UIManager.h"><Filter>Source\UI</Filter></ClInclude><ClInclude Include="Source\UI\UINumericValue.h"><Filter>Source\UI</Filter></ClInclude><ClInclude Include="Source\UI\UIPlacement.h"><Filter>Source\UI</Filter></ClInclude><ClInclude Include="Source\UI\UIRenderer.h"><Filter>Source\UI</Filter></ClInclude><ClInclude Include="Source\UI\UIScroll.h"><Filter>Source\UI</Filter></ClInclude><ClInclude Include="Source\UI\UISliderMath.h"><Filter>Source\UI</Filter></ClInclude><ClInclude Include="Source\UI\UITheme.h"><Filter>Source\UI</Filter></ClInclude><ClInclude Include="Source\UI\UIWidget.h"><Filter>Source\UI</Filter></ClInclude></ItemGroup><ItemGroup><None Include="Assets\UI\UIDemo.ui.xml"><Filter>Assets\UI</Filter></None><None Include="CMakeLists.txt" /><None Include="README.md" /><None Include="Shaders\Basic\BasicPS.hlsl"><Filter>Shaders\Basic</Filter></None><None Include="Shaders\Basic\BasicVS.hlsl"><Filter>Shaders\Basic</Filter></None><None Include="Shaders\TriplanarTerrain\TriplanarGeomorphDebugPS.hlsl"><Filter>Shaders\TriplanarTerrain</Filter></None><None Include="Shaders\TriplanarTerrain\TriplanarGeomorphVS.hlsl"><Filter>Shaders\TriplanarTerrain</Filter></None><None Include="Shaders\TriplanarTerrain\TriplanarPS.hlsl"><Filter>Shaders\TriplanarTerrain</Filter></None><None Include="Shaders\TriplanarTerrain\TriplanarVS.hlsl"><Filter>Shaders\TriplanarTerrain</Filter></None></ItemGroup></Project>