<?xml version='1.0' encoding='utf-8'?>
<Project xmlns="http://schemas.microsoft.com/developer/msbuild/2003" ToolsVersion="4.0"><ItemGroup><Filter Include="Source\UI"><UniqueIdentifier>{041FB265-57A2-5EC0-B136-25B380A66EBC}</UniqueIdentifier></Filter><Filter Include="Source\Features\TerrainUI"><UniqueIdentifier>{8B1AAC11-24FF-5B54-9F7D-3B3C1FF879AE}</UniqueIdentifier></Filter><Filter Include="Source"><UniqueIdentifier>{1CEE501B-BB5A-5CB0-8073-EA7E0370CCFB}</UniqueIdentifier></Filter><Filter Include="Source\Core"><UniqueIdentifier>{E5C9088C-0838-52DC-8553-A047B3A69DE9}</UniqueIdentifier></Filter><Filter Include="Source\Platform"><UniqueIdentifier>{5BBB670A-8913-529F-BAF6-1BD260587AA4}</UniqueIdentifier></Filter><Filter Include="Source\Input"><UniqueIdentifier>{B59E759A-1AD1-508C-8E18-7F434DD28982}</UniqueIdentifier></Filter><Filter Include="Source\Graphics"><UniqueIdentifier>{E97739E7-68BF-5CB7-82C2-E7927CC2AD37}</UniqueIdentifier></Filter><Filter Include="Source\Features"><UniqueIdentifier>{0A7BE957-A40E-5A31-BE6C-0ED1F041F67A}</UniqueIdentifier></Filter><Filter Include="Source\Features\QuadTreeLOD"><UniqueIdentifier>{4C7B5986-A1FF-5C49-9410-20E09D969B69}</UniqueIdentifier></Filter><Filter Include="Source\Features\TriplanarTerrain"><UniqueIdentifier>{850D52AF-B4BA-5D47-8095-DD9F19CAFB42}</UniqueIdentifier></Filter><Filter Include="Source\Features\DiskTerrainStreaming"><UniqueIdentifier>{5F6D8A81-8417-525F-82FA-BEA548799748}</UniqueIdentifier></Filter><Filter Include="Shaders"><UniqueIdentifier>{6289DD6E-0E9D-55E8-BD20-2DA314B30908}</UniqueIdentifier></Filter><Filter Include="Shaders\Basic"><UniqueIdentifier>{DB2D593D-8609-57D5-85C2-5371A590B16E}</UniqueIdentifier></Filter><Filter Include="Shaders\TriplanarTerrain"><UniqueIdentifier>{0DA12BAC-7403-5601-B713-B4E62F0797DB}</UniqueIdentifier></Filter><Filter Include="Project Files"><UniqueIdentifier>{F59BCF55-938E-5DAD-8FAC-7242AC6496A8}</UniqueIdentifier></Filter></ItemGroup><ItemGroup><ClCompile Include="Source\UI\UIRenderer.cpp"><Filter>Source\UI</Filter></ClCompile><ClCompile Include="Source\UI\UIWidget.cpp"><Filter>Source\UI</Filter></ClCompile><ClCompile Include="Source\UI\UIManager.cpp"><Filter>Source\UI</Filter></ClCompile><ClCompile Include="Source\Features\TerrainUI\TerrainSettingsPanel.cpp"><Filter>Source\Features\TerrainUI</Filter></ClCompile><ClCompile Include="Source\Core\Application.cpp"><Filter>Source\Core</Filter></ClCompile><ClCompile Include="Source\Core\Timer.cpp"><Filter>Source\Core</Filter></ClCompile><ClCompile Include="Source\Features\DiskTerrainStreaming\DiskTerrainManager.cpp"><Filter>Source\Features\DiskTerrainStreaming</Filter></ClCompile><ClCompile Include="Source\Features\DiskTerrainStreaming\DiskTileWorker.cpp"><Filter>Source\Features\DiskTerrainStreaming</Filter></ClCompile><ClCompile Include="Source\Features\DiskTerrainStreaming\StreamingRangeDebugRenderer.cpp"><Filter>Source\Features\DiskTerrainStreaming</Filter></ClCompile><ClCompile Include="Source\Features\DiskTerrainStreaming\TileArchive.cpp"><Filter>Source\Features\DiskTerrainStreaming</Filter></ClCompile><ClCompile Include="Source\Features\DiskTerrainStreaming\TileGeometryBuilder.cpp"><Filter>Source\Features\DiskTerrainStreaming</Filter></ClCompile><ClCompile Include="Source\Features\QuadTreeLOD\QuadTreeLOD.cpp"><Filter>Source\Features\QuadTreeLOD</Filter></ClCompile><ClCompile Include="Source\Features\QuadTreeLOD\QuadTreeLODSelector.cpp"><Filter>Source\Features\QuadTreeLOD</Filter></ClCompile><ClCompile Include="Source\Features\TriplanarTerrain\TriplanarMaterial.cpp"><Filter>Source\Features\TriplanarTerrain</Filter></ClCompile><ClCompile Include="Source\Graphics\Camera.cpp"><Filter>Source\Graphics</Filter></ClCompile><ClCompile Include="Source\Graphics\CameraController.cpp"><Filter>Source\Graphics</Filter></ClCompile><ClCompile Include="Source\Graphics\DebugTextRenderer.cpp"><Filter>Source\Graphics</Filter></ClCompile><ClCompile Include="Source\Graphics\Frustum.cpp"><Filter>Source\Graphics</Filter></ClCompile><ClCompile Include="Source\Graphics\Mesh.cpp"><Filter>Source\Graphics</Filter></ClCompile><ClCompile Include="Source\Graphics\Renderer.cpp"><Filter>Source\Graphics</Filter></ClCompile><ClCompile Include="Source\Graphics\Shader.cpp"><Filter>Source\Graphics</Filter></ClCompile><ClCompile Include="Source\Graphics\Texture2D.cpp"><Filter>Source\Graphics</Filter></ClCompile><ClCompile Include="Source\Input\Input.cpp"><Filter>Source\Input</Filter></ClCompile><ClCompile Include="Source\Main.cpp"><Filter>Source</Filter></ClCompile><ClCompile Include="Source\Platform\Window.cpp"><Filter>Source\Platform</Filter></ClCompile></ItemGroup><ItemGroup><ClInclude Include="Source\UI\UIRenderer.h"><Filter>Source\UI</Filter></ClInclude><ClInclude Include="Source\UI\UIWidget.h"><Filter>Source\UI</Filter></ClInclude><ClInclude Include="Source\UI\UIManager.h"><Filter>Source\UI</Filter></ClInclude><ClInclude Include="Source\Features\TerrainUI\TerrainSettingsPanel.h"><Filter>Source\Features\TerrainUI</Filter></ClInclude><ClInclude Include="Source\UI\UISliderMath.h"><Filter>Source\UI</Filter></ClInclude><ClInclude Include="Source\UI\UINumericValue.h"><Filter>Source\UI</Filter></ClInclude><ClInclude Include="Source\Core\Application.h"><Filter>Source\Core</Filter></ClInclude><ClInclude Include="Source\Core\Timer.h"><Filter>Source\Core</Filter></ClInclude><ClInclude Include="Source\Features\DiskTerrainStreaming\DiskTerrainManager.h"><Filter>Source\Features\DiskTerrainStreaming</Filter></ClInclude><ClInclude Include="Source\Features\DiskTerrainStreaming\DiskTileWorker.h"><Filter>Source\Features\DiskTerrainStreaming</Filter></ClInclude><ClInclude Include="Source\Features\DiskTerrainStreaming\StreamingRangeDebugRenderer.h"><Filter>Source\Features\DiskTerrainStreaming</Filter></ClInclude><ClInclude Include="Source\Features\DiskTerrainStreaming\MiniMapZoomPolicy.h"><Filter>Source\Features\DiskTerrainStreaming</Filter></ClInclude><ClInclude Include="Source\Features\DiskTerrainStreaming\StreamingRadiusPolicy.h"><Filter>Source\Features\DiskTerrainStreaming</Filter></ClInclude><ClInclude Include="Source\Features\DiskTerrainStreaming\TileArchive.h"><Filter>Source\Features\DiskTerrainStreaming</Filter></ClInclude><ClInclude Include="Source\Features\DiskTerrainStreaming\TileGeometryBuilder.h"><Filter>Source\Features\DiskTerrainStreaming</Filter></ClInclude><ClInclude Include="Source\Features\QuadTreeLOD\QuadTreeLOD.h"><Filter>Source\Features\QuadTreeLOD</Filter></ClInclude><ClInclude Include="Source\Features\QuadTreeLOD\QuadTreeLODSelector.h"><Filter>Source\Features\QuadTreeLOD</Filter></ClInclude><ClInclude Include="Source\Features\TriplanarTerrain\TriplanarMaterial.h"><Filter>Source\Features\TriplanarTerrain</Filter></ClInclude><ClInclude Include="Source\Graphics\Camera.h"><Filter>Source\Graphics</Filter></ClInclude><ClInclude Include="Source\Graphics\CameraController.h"><Filter>Source\Graphics</Filter></ClInclude><ClInclude Include="Source\Graphics\ConstantBuffer.h"><Filter>Source\Graphics</Filter></ClInclude><ClInclude Include="Source\Graphics\DebugTextRenderer.h"><Filter>Source\Graphics</Filter></ClInclude><ClInclude Include="Source\Graphics\Frustum.h"><Filter>Source\Graphics</Filter></ClInclude><ClInclude Include="Source\Graphics\Mesh.h"><Filter>Source\Graphics</Filter></ClInclude><ClInclude Include="Source\Graphics\Renderer.h"><Filter>Source\Graphics</Filter></ClInclude><ClInclude Include="Source\Graphics\Shader.h"><Filter>Source\Graphics</Filter></ClInclude><ClInclude Include="Source\Graphics\Texture2D.h"><Filter>Source\Graphics</Filter></ClInclude><ClInclude Include="Source\Graphics\Transform.h"><Filter>Source\Graphics</Filter></ClInclude><ClInclude Include="Source\Input\Input.h"><Filter>Source\Input</Filter></ClInclude><ClInclude Include="Source\Platform\Window.h"><Filter>Source\Platform</Filter></ClInclude></ItemGroup><ItemGroup><None Include="Shaders\Basic\BasicPS.hlsl"><Filter>Shaders\Basic</Filter></None><None Include="Shaders\Basic\BasicVS.hlsl"><Filter>Shaders\Basic</Filter></None><None Include="Shaders\TriplanarTerrain\TriplanarPS.hlsl"><Filter>Shaders\TriplanarTerrain</Filter></None><None Include="Shaders\TriplanarTerrain\TriplanarVS.hlsl"><Filter>Shaders\TriplanarTerrain</Filter></None><None Include="README.md"><Filter>Project Files</Filter></None><None Include="CMakeLists.txt"><Filter>Project Files</Filter></None></ItemGroup></Project>