<?xml version="1.0" encoding="utf-8"?>
<Project ToolsVersion="4.0" xmlns="http://schemas.microsoft.com/developer/msbuild/2003">
  <ItemGroup>
    <Filter Include="Source"><UniqueIdentifier>{8D098BA8-551F-4EBB-A189-9046AD7ED8F7}</UniqueIdentifier></Filter>
    <Filter Include="Source\Core"><UniqueIdentifier>{63DB4B9C-06CF-4D52-83F0-68153CE3A792}</UniqueIdentifier></Filter>
    <Filter Include="Source\Platform"><UniqueIdentifier>{8CD96939-5072-47F6-BA65-B98B1BC38827}</UniqueIdentifier></Filter>
    <Filter Include="Source\Input"><UniqueIdentifier>{7047EE74-A568-4F9C-A96F-DAC035374EAB}</UniqueIdentifier></Filter>
    <Filter Include="Source\Graphics"><UniqueIdentifier>{0CED10E0-319A-4748-9A03-02D1D74937F0}</UniqueIdentifier></Filter>
    <Filter Include="Source\Features"><UniqueIdentifier>{D1597B21-95E1-4E5D-9275-0E2C8560B8D1}</UniqueIdentifier></Filter>
    <Filter Include="Source\Features\PerlinTerrain"><UniqueIdentifier>{FBF6F7B0-24E8-4D10-941F-686F02C87AF2}</UniqueIdentifier></Filter>
    <Filter Include="Source\Features\HeightMapTerrain"><UniqueIdentifier>{4C482772-5E9A-4707-8240-1B423AC5B9AE}</UniqueIdentifier></Filter>
    <Filter Include="Source\Features\TextureSplatting"><UniqueIdentifier>{71B05D99-F15C-4512-BD94-F767B8C91503}</UniqueIdentifier></Filter>
    <Filter Include="Source\Features\QuadTreeCulling"><UniqueIdentifier>{599B90CA-6483-4BDA-BF00-17B6BA0BCE01}</UniqueIdentifier></Filter>
    <Filter Include="Shaders"><UniqueIdentifier>{411E8D2E-C15C-4A94-AC2C-F3630D8A69A1}</UniqueIdentifier></Filter>
    <Filter Include="Shaders\Basic"><UniqueIdentifier>{A540F5B3-75A3-4115-B82C-2672D7202A79}</UniqueIdentifier></Filter>
    <Filter Include="Shaders\PerlinTerrain"><UniqueIdentifier>{7CD61671-1780-4B61-97D8-A07668CC72A9}</UniqueIdentifier></Filter>
    <Filter Include="Shaders\HeightMapTerrain"><UniqueIdentifier>{3D17A83D-FB7B-4D54-944A-8721797D3C27}</UniqueIdentifier></Filter>
    <Filter Include="Shaders\TextureSplatting"><UniqueIdentifier>{0B686B0D-9D6D-4EEA-B474-1F23D29B8D2D}</UniqueIdentifier></Filter>
    <Filter Include="Assets"><UniqueIdentifier>{31AF115A-CFF6-4380-BB16-11F130E72D11}</UniqueIdentifier></Filter>
    <Filter Include="Assets\HeightMaps"><UniqueIdentifier>{E24EBD57-C11C-47B9-99DE-13E85A44C507}</UniqueIdentifier></Filter>
    <Filter Include="Assets\Textures"><UniqueIdentifier>{3DD208BF-99B5-4234-8F45-13D70E7383DC}</UniqueIdentifier></Filter>
    <Filter Include="Assets\Textures\Terrain"><UniqueIdentifier>{44A75A27-24BB-4F4C-8076-C7A10C612714}</UniqueIdentifier></Filter>
    <Filter Include="Project Files"><UniqueIdentifier>{E5B2B7F7-21FA-4A24-B55C-472ABCB72A3B}</UniqueIdentifier></Filter>
  </ItemGroup>
  <ItemGroup>
    <ClCompile Include="Source\Main.cpp"><Filter>Source</Filter></ClCompile>
    <ClCompile Include="Source\Core\Application.cpp"><Filter>Source\Core</Filter></ClCompile>
    <ClCompile Include="Source\Core\Timer.cpp"><Filter>Source\Core</Filter></ClCompile>
    <ClCompile Include="Source\Platform\Window.cpp"><Filter>Source\Platform</Filter></ClCompile>
    <ClCompile Include="Source\Input\Input.cpp"><Filter>Source\Input</Filter></ClCompile>
    <ClCompile Include="Source\Graphics\Renderer.cpp"><Filter>Source\Graphics</Filter></ClCompile>
    <ClCompile Include="Source\Graphics\Camera.cpp"><Filter>Source\Graphics</Filter></ClCompile>
    <ClCompile Include="Source\Graphics\CameraController.cpp"><Filter>Source\Graphics</Filter></ClCompile>
    <ClCompile Include="Source\Graphics\Mesh.cpp"><Filter>Source\Graphics</Filter></ClCompile>
    <ClCompile Include="Source\Graphics\Shader.cpp"><Filter>Source\Graphics</Filter></ClCompile>
    <ClCompile Include="Source\Graphics\Texture2D.cpp"><Filter>Source\Graphics</Filter></ClCompile>
    <ClCompile Include="Source\Graphics\Frustum.cpp"><Filter>Source\Graphics</Filter></ClCompile>
    <ClCompile Include="Source\Graphics\DebugTextRenderer.cpp"><Filter>Source\Graphics</Filter></ClCompile>
    <ClCompile Include="Source\Features\PerlinTerrain\PerlinNoise.cpp"><Filter>Source\Features\PerlinTerrain</Filter></ClCompile>
    <ClCompile Include="Source\Features\PerlinTerrain\PerlinTerrainGenerator.cpp"><Filter>Source\Features\PerlinTerrain</Filter></ClCompile>
    <ClCompile Include="Source\Features\PerlinTerrain\PerlinTerrain.cpp"><Filter>Source\Features\PerlinTerrain</Filter></ClCompile>
    <ClCompile Include="Source\Features\HeightMapTerrain\HeightMapImage.cpp"><Filter>Source\Features\HeightMapTerrain</Filter></ClCompile>
    <ClCompile Include="Source\Features\HeightMapTerrain\HeightMapTerrainGenerator.cpp"><Filter>Source\Features\HeightMapTerrain</Filter></ClCompile>
    <ClCompile Include="Source\Features\HeightMapTerrain\HeightMapTerrain.cpp"><Filter>Source\Features\HeightMapTerrain</Filter></ClCompile>
    <ClCompile Include="Source\Features\TextureSplatting\TextureSplatMaterial.cpp"><Filter>Source\Features\TextureSplatting</Filter></ClCompile>
    <ClCompile Include="Source\Features\TextureSplatting\TextureSplatTerrain.cpp"><Filter>Source\Features\TextureSplatting</Filter></ClCompile>
    <ClCompile Include="Source\Features\QuadTreeCulling\QuadTree.cpp"><Filter>Source\Features\QuadTreeCulling</Filter></ClCompile>
    <ClCompile Include="Source\Features\QuadTreeCulling\QuadTreeCulling.cpp"><Filter>Source\Features\QuadTreeCulling</Filter></ClCompile>
    <ClCompile Include="Source\Features\QuadTreeCulling\QuadTreeTerrain.cpp"><Filter>Source\Features\QuadTreeCulling</Filter></ClCompile>
  </ItemGroup>
  <ItemGroup>
    <ClInclude Include="Source\Core\Application.h"><Filter>Source\Core</Filter></ClInclude>
    <ClInclude Include="Source\Core\Timer.h"><Filter>Source\Core</Filter></ClInclude>
    <ClInclude Include="Source\Platform\Window.h"><Filter>Source\Platform</Filter></ClInclude>
    <ClInclude Include="Source\Input\Input.h"><Filter>Source\Input</Filter></ClInclude>
    <ClInclude Include="Source\Graphics\Renderer.h"><Filter>Source\Graphics</Filter></ClInclude>
    <ClInclude Include="Source\Graphics\Camera.h"><Filter>Source\Graphics</Filter></ClInclude>
    <ClInclude Include="Source\Graphics\CameraController.h"><Filter>Source\Graphics</Filter></ClInclude>
    <ClInclude Include="Source\Graphics\Transform.h"><Filter>Source\Graphics</Filter></ClInclude>
    <ClInclude Include="Source\Graphics\Mesh.h"><Filter>Source\Graphics</Filter></ClInclude>
    <ClInclude Include="Source\Graphics\Shader.h"><Filter>Source\Graphics</Filter></ClInclude>
    <ClInclude Include="Source\Graphics\ConstantBuffer.h"><Filter>Source\Graphics</Filter></ClInclude>
    <ClInclude Include="Source\Graphics\Texture2D.h"><Filter>Source\Graphics</Filter></ClInclude>
    <ClInclude Include="Source\Graphics\Frustum.h"><Filter>Source\Graphics</Filter></ClInclude>
    <ClInclude Include="Source\Graphics\DebugTextRenderer.h"><Filter>Source\Graphics</Filter></ClInclude>
    <ClInclude Include="Source\Features\PerlinTerrain\PerlinNoise.h"><Filter>Source\Features\PerlinTerrain</Filter></ClInclude>
    <ClInclude Include="Source\Features\PerlinTerrain\PerlinTerrainGenerator.h"><Filter>Source\Features\PerlinTerrain</Filter></ClInclude>
    <ClInclude Include="Source\Features\PerlinTerrain\PerlinTerrain.h"><Filter>Source\Features\PerlinTerrain</Filter></ClInclude>
    <ClInclude Include="Source\Features\HeightMapTerrain\HeightMapImage.h"><Filter>Source\Features\HeightMapTerrain</Filter></ClInclude>
    <ClInclude Include="Source\Features\HeightMapTerrain\HeightMapTerrainGenerator.h"><Filter>Source\Features\HeightMapTerrain</Filter></ClInclude>
    <ClInclude Include="Source\Features\HeightMapTerrain\HeightMapTerrain.h"><Filter>Source\Features\HeightMapTerrain</Filter></ClInclude>
    <ClInclude Include="Source\Features\TextureSplatting\TextureSplatMaterial.h"><Filter>Source\Features\TextureSplatting</Filter></ClInclude>
    <ClInclude Include="Source\Features\TextureSplatting\TextureSplatTerrain.h"><Filter>Source\Features\TextureSplatting</Filter></ClInclude>
    <ClInclude Include="Source\Features\QuadTreeCulling\QuadTree.h"><Filter>Source\Features\QuadTreeCulling</Filter></ClInclude>
    <ClInclude Include="Source\Features\QuadTreeCulling\QuadTreeCulling.h"><Filter>Source\Features\QuadTreeCulling</Filter></ClInclude>
    <ClInclude Include="Source\Features\QuadTreeCulling\QuadTreeTerrain.h"><Filter>Source\Features\QuadTreeCulling</Filter></ClInclude>
  </ItemGroup>
  <ItemGroup>
    <None Include="Shaders\Basic\BasicVS.hlsl"><Filter>Shaders\Basic</Filter></None>
    <None Include="Shaders\Basic\BasicPS.hlsl"><Filter>Shaders\Basic</Filter></None>
    <None Include="Shaders\PerlinTerrain\TerrainVS.hlsl"><Filter>Shaders\PerlinTerrain</Filter></None>
    <None Include="Shaders\PerlinTerrain\TerrainPS.hlsl"><Filter>Shaders\PerlinTerrain</Filter></None>
    <None Include="Shaders\HeightMapTerrain\TerrainVS.hlsl"><Filter>Shaders\HeightMapTerrain</Filter></None>
    <None Include="Shaders\HeightMapTerrain\TerrainPS.hlsl"><Filter>Shaders\HeightMapTerrain</Filter></None>
    <None Include="Shaders\TextureSplatting\TextureSplatVS.hlsl"><Filter>Shaders\TextureSplatting</Filter></None>
    <None Include="Shaders\TextureSplatting\TextureSplatPS.hlsl"><Filter>Shaders\TextureSplatting</Filter></None>
    <None Include="Assets\Textures\Terrain\Grass.png"><Filter>Assets\Textures\Terrain</Filter></None>
    <None Include="Assets\Textures\Terrain\Rock.png"><Filter>Assets\Textures\Terrain</Filter></None>
    <None Include="Assets\Textures\Terrain\Snow.png"><Filter>Assets\Textures\Terrain</Filter></None>
    <None Include="Assets\HeightMaps\HeightMap_Test.png"><Filter>Assets\HeightMaps</Filter></None>
    <None Include="README.md"><Filter>Project Files</Filter></None>
    <None Include="CMakeLists.txt"><Filter>Project Files</Filter></None>
  </ItemGroup>
</Project>
